
Microsoft Visual Studio Solution File, Format Version 12.00
# Visual Studio 15
VisualStudioVersion = 15.0.27428.2043
MinimumVisualStudioVersion = 10.0.40219.1
Project("{9A19103F-16F7-4668-BE54-9A1E7A4F7556}") = "ImageReader", "ImageReader\ImageReader.csproj", "{7DBFE4C3-4E38-4E24-9FF3-182C5D52364C}"
EndProject
Project("{9A19103F-16F7-4668-BE54-9A1E7A4F7556}") = "dotnetapp", "dotnetapp\dotnetapp.csproj", "{4D426C96-36F7-493D-B366-383718B13187}"
EndProject
Project("{9A19103F-16F7-4668-BE54-9A1E7A4F7556}") = "tests", "tests\tests.csproj", "{619ABBD4-8B77-4B9F-A347-42B76CC12EBD}"
EndProject
Global
	GlobalSection(SolutionConfigurationPlatforms) = preSolution
		Debug|Any CPU = Debug|Any CPU
		Release|Any CPU = Release|Any CPU
	EndGlobalSection
	GlobalSection(ProjectConfigurationPlatforms) = postSolution
		{7DBFE4C3-4E38-4E24-9FF3-182C5D52364C}.Debug|Any CPU.ActiveCfg = Debug|Any CPU
		{7DBFE4C3-4E38-4E24-9FF3-182C5D52364C}.Debug|Any CPU.Build.0 = Debug|Any CPU
		{7DBFE4C3-4E38-4E24-9FF3-182C5D52364C}.Release|Any CPU.ActiveCfg = Release|Any CPU
		{7DBFE4C3-4E38-4E24-9FF3-182C5D52364C}.Release|Any CPU.Build.0 = Release|Any CPU
		{4D426C96-36F7-493D-B366-383718B13187}.Debug|Any CPU.ActiveCfg = Debug|Any CPU
		{4D426C96-36F7-493D-B366-383718B13187}.Debug|Any CPU.Build.0 = Debug|Any CPU
		{4D426C96-36F7-493D-B366-383718B13187}.Release|Any CPU.ActiveCfg = Release|Any CPU
		{4D426C96-36F7-493D-B366-383718B13187}.Release|Any CPU.Build.0 = Release|Any CPU
		{619ABBD4-8B77-4B9F-A347-42B76CC12EBD}.Debug|Any CPU.ActiveCfg = Debug|Any CPU
		{619ABBD4-8B77-4B9F-A347-42B76CC12EBD}.Debug|Any CPU.Build.0 = Debug|Any CPU
		{619ABBD4-8B77-4B9F-A347-42B76CC12EBD}.Release|Any CPU.ActiveCfg = Release|Any CPU
		{619ABBD4-8B77-4B9F-A347-42B76CC12EBD}.Release|Any CPU.Build.0 = Release|Any CPU
	EndGlobalSection
	GlobalSection(SolutionProperties) = preSolution
		HideSolutionNode = FALSE
	EndGlobalSection
	GlobalSection(ExtensibilityGlobals) = postSolution
		SolutionGuid = {9A520BF8-C72D-4608-9B0F-E25535EEA2F8}
	EndGlobalSection
EndGlobal
